
Microsoft Visual Studio Solution File, Format Version 12.00
# Visual Studio Version 17
VisualStudioVersion = 17.14.36705.20
MinimumVisualStudioVersion = 10.0.40219.1
Project("{54A90642-561A-4BB1-A94E-469ADEE60C69}") = "storesalesinventory.client", "storesalesinventory.client\storesalesinventory.client.esproj", "{76BB4602-3285-C13C-4DEF-DFA4EA359B1F}"
EndProject
Project("{FAE04EC0-301F-11D3-BF4B-00C04F79EFBC}") = "StoreSalesInventory.Server", "StoreSalesInventory.Server\StoreSalesInventory.Server.csproj", "{07D3F3EE-7CE5-449E-B65F-624584A294B2}"
EndProject
Global
	GlobalSection(SolutionConfigurationPlatforms) = preSolution
		Debug|Any CPU = Debug|Any CPU
		Release|Any CPU = Release|Any CPU
	EndGlobalSection
	GlobalSection(ProjectConfigurationPlatforms) = postSolution
		{76BB4602-3285-C13C-4DEF-DFA4EA359B1F}.Debug|Any CPU.ActiveCfg = Debug|Any CPU
		{76BB4602-3285-C13C-4DEF-DFA4EA359B1F}.Debug|Any CPU.Build.0 = Debug|Any CPU
		{76BB4602-3285-C13C-4DEF-DFA4EA359B1F}.Debug|Any CPU.Deploy.0 = Debug|Any CPU
		{76BB4602-3285-C13C-4DEF-DFA4EA359B1F}.Release|Any CPU.ActiveCfg = Release|Any CPU
		{76BB4602-3285-C13C-4DEF-DFA4EA359B1F}.Release|Any CPU.Build.0 = Release|Any CPU
		{76BB4602-3285-C13C-4DEF-DFA4EA359B1F}.Release|Any CPU.Deploy.0 = Release|Any CPU
		{07D3F3EE-7CE5-449E-B65F-624584A294B2}.Debug|Any CPU.ActiveCfg = Debug|Any CPU
		{07D3F3EE-7CE5-449E-B65F-624584A294B2}.Debug|Any CPU.Build.0 = Debug|Any CPU
		{07D3F3EE-7CE5-449E-B65F-624584A294B2}.Release|Any CPU.ActiveCfg = Release|Any CPU
		{07D3F3EE-7CE5-449E-B65F-624584A294B2}.Release|Any CPU.Build.0 = Release|Any CPU
	EndGlobalSection
	GlobalSection(SolutionProperties) = preSolution
		HideSolutionNode = FALSE
	EndGlobalSection
	GlobalSection(ExtensibilityGlobals) = postSolution
		SolutionGuid = {085859AA-C5BA-4938-AECC-286E5CE04127}
	EndGlobalSection
EndGlobal
